
Microsoft Visual Studio Solution File, Format Version 12.00
# Visual Studio Version 16
VisualStudioVersion = 16.0.29102.190
MinimumVisualStudioVersion = 10.0.40219.1
Project("{2150E333-8FDC-42A3-9474-1A3956D46DE8}") = "Models", "Models", "{CE140FF0-5D68-477D-8BDF-724AA2E5AF76}"
EndProject
Project("{2150E333-8FDC-42A3-9474-1A3956D46DE8}") = "WebAPI", "WebAPI", "{83B8EB2F-9833-48A6-B3D9-3ED4EB7D244E}"
EndProject
Project("{2150E333-8FDC-42A3-9474-1A3956D46DE8}") = "Client", "Client", "{EDB6B8B8-3682-4BC7-8F9B-94D63BCB9A70}"
EndProject
Project("{2150E333-8FDC-42A3-9474-1A3956D46DE8}") = "Common", "Common", "{5D964BC7-8D09-490D-8552-2A96844FD02D}"
EndProject
Project("{FAE04EC0-301F-11D3-BF4B-00C04F79EFBC}") = "IAMS.Client", "IAMS.Client\IAMS.Client.csproj", "{7843AE6C-1B41-4961-BBE0-0F0258CF3E02}"
	ProjectSection(ProjectDependencies) = postProject
		{5E532960-5676-41F3-B5BF-F9F6D450E9FC} = {5E532960-5676-41F3-B5BF-F9F6D450E9FC}
		{399F27D2-2FE3-45D2-B1E7-C89D85EE8DCC} = {399F27D2-2FE3-45D2-B1E7-C89D85EE8DCC}
	EndProjectSection
EndProject
Project("{FAE04EC0-301F-11D3-BF4B-00C04F79EFBC}") = "IAMS.Common", "IAMS.Common\IAMS.Common.csproj", "{399F27D2-2FE3-45D2-B1E7-C89D85EE8DCC}"
EndProject
Project("{FAE04EC0-301F-11D3-BF4B-00C04F79EFBC}") = "IAMS.Model", "IAMS.Model\IAMS.Model.csproj", "{5E532960-5676-41F3-B5BF-F9F6D450E9FC}"
EndProject
Project("{FAE04EC0-301F-11D3-BF4B-00C04F79EFBC}") = "IAMS.WebAPI", "IAMS.WebAPI\IAMS.WebAPI.csproj", "{FA9049E1-D39C-49DB-9586-101E8D6792FF}"
	ProjectSection(ProjectDependencies) = postProject
		{5E532960-5676-41F3-B5BF-F9F6D450E9FC} = {5E532960-5676-41F3-B5BF-F9F6D450E9FC}
		{399F27D2-2FE3-45D2-B1E7-C89D85EE8DCC} = {399F27D2-2FE3-45D2-B1E7-C89D85EE8DCC}
	EndProjectSection
EndProject
Global
	GlobalSection(SolutionConfigurationPlatforms) = preSolution
		Debug|Any CPU = Debug|Any CPU
		Release|Any CPU = Release|Any CPU
	EndGlobalSection
	GlobalSection(ProjectConfigurationPlatforms) = postSolution
		{7843AE6C-1B41-4961-BBE0-0F0258CF3E02}.Debug|Any CPU.ActiveCfg = Debug|Any CPU
		{7843AE6C-1B41-4961-BBE0-0F0258CF3E02}.Debug|Any CPU.Build.0 = Debug|Any CPU
		{7843AE6C-1B41-4961-BBE0-0F0258CF3E02}.Release|Any CPU.ActiveCfg = Release|Any CPU
		{7843AE6C-1B41-4961-BBE0-0F0258CF3E02}.Release|Any CPU.Build.0 = Release|Any CPU
		{399F27D2-2FE3-45D2-B1E7-C89D85EE8DCC}.Debug|Any CPU.ActiveCfg = Debug|Any CPU
		{399F27D2-2FE3-45D2-B1E7-C89D85EE8DCC}.Debug|Any CPU.Build.0 = Debug|Any CPU
		{399F27D2-2FE3-45D2-B1E7-C89D85EE8DCC}.Release|Any CPU.ActiveCfg = Release|Any CPU
		{399F27D2-2FE3-45D2-B1E7-C89D85EE8DCC}.Release|Any CPU.Build.0 = Release|Any CPU
		{5E532960-5676-41F3-B5BF-F9F6D450E9FC}.Debug|Any CPU.ActiveCfg = Debug|Any CPU
		{5E532960-5676-41F3-B5BF-F9F6D450E9FC}.Debug|Any CPU.Build.0 = Debug|Any CPU
		{5E532960-5676-41F3-B5BF-F9F6D450E9FC}.Release|Any CPU.ActiveCfg = Release|Any CPU
		{5E532960-5676-41F3-B5BF-F9F6D450E9FC}.Release|Any CPU.Build.0 = Release|Any CPU
		{FA9049E1-D39C-49DB-9586-101E8D6792FF}.Debug|Any CPU.ActiveCfg = Debug|Any CPU
		{FA9049E1-D39C-49DB-9586-101E8D6792FF}.Debug|Any CPU.Build.0 = Debug|Any CPU
		{FA9049E1-D39C-49DB-9586-101E8D6792FF}.Release|Any CPU.ActiveCfg = Release|Any CPU
		{FA9049E1-D39C-49DB-9586-101E8D6792FF}.Release|Any CPU.Build.0 = Release|Any CPU
	EndGlobalSection
	GlobalSection(SolutionProperties) = preSolution
		HideSolutionNode = FALSE
	EndGlobalSection
	GlobalSection(NestedProjects) = preSolution
		{7843AE6C-1B41-4961-BBE0-0F0258CF3E02} = {EDB6B8B8-3682-4BC7-8F9B-94D63BCB9A70}
		{399F27D2-2FE3-45D2-B1E7-C89D85EE8DCC} = {5D964BC7-8D09-490D-8552-2A96844FD02D}
		{5E532960-5676-41F3-B5BF-F9F6D450E9FC} = {CE140FF0-5D68-477D-8BDF-724AA2E5AF76}
		{FA9049E1-D39C-49DB-9586-101E8D6792FF} = {83B8EB2F-9833-48A6-B3D9-3ED4EB7D244E}
	EndGlobalSection
	GlobalSection(ExtensibilityGlobals) = postSolution
		SolutionGuid = {55E7725B-493C-43AC-9500-48060C926FB8}
	EndGlobalSection
EndGlobal
